// !$*UTF8*$!
{
	archiveVersion = 1;
	classes = {
	};
	objectVersion = 46;
	objects = {

/* Begin PBXBuildFile section */
		3589A22319FE01CE63E20C73 /* libPods-Pogger.a in Frameworks */ = {isa = PBXBuildFile; fileRef = 9D8963B006E5E1EF65BD752E /* libPods-Pogger.a */; };
		F619436A1D0866F4000CC24F /* AppDelegate.swift in Sources */ = {isa = PBXBuildFile; fileRef = F61943671D0866F4000CC24F /* AppDelegate.swift */; };
		F619436B1D0866F4000CC24F /* Assets.xcassets in Resources */ = {isa = PBXBuildFile; fileRef = F61943681D0866F4000CC24F /* Assets.xcassets */; };
		F619436C1D0866F4000CC24F /* ViewController.swift in Sources */ = {isa = PBXBuildFile; fileRef = F61943691D0866F4000CC24F /* ViewController.swift */; };
		F61943731D08673E000CC24F /* LaunchScreen.storyboard in Resources */ = {isa = PBXBuildFile; fileRef = F619436F1D08673E000CC24F /* LaunchScreen.storyboard */; };
		F61943741D08673E000CC24F /* Main.storyboard in Resources */ = {isa = PBXBuildFile; fileRef = F61943711D08673E000CC24F /* Main.storyboard */; };
		F619437A1D08676E000CC24F /* EmptyState.xib in Resources */ = {isa = PBXBuildFile; fileRef = F61943751D08676E000CC24F /* EmptyState.xib */; };
		F619437B1D08676E000CC24F /* FavoriteEmptyState.xib in Resources */ = {isa = PBXBuildFile; fileRef = F61943761D08676E000CC24F /* FavoriteEmptyState.xib */; };
		F619437C1D08676E000CC24F /* ListViewHeader.swift in Sources */ = {isa = PBXBuildFile; fileRef = F61943771D08676E000CC24F /* ListViewHeader.swift */; };
		F619437D1D08676E000CC24F /* ListViewHeader.xib in Resources */ = {isa = PBXBuildFile; fileRef = F61943781D08676E000CC24F /* ListViewHeader.xib */; };
		F619437E1D08676E000CC24F /* PointCell.swift in Sources */ = {isa = PBXBuildFile; fileRef = F61943791D08676E000CC24F /* PointCell.swift */; };
		F61943851D0867AA000CC24F /* LocationService.swift in Sources */ = {isa = PBXBuildFile; fileRef = F619437F1D0867AA000CC24F /* LocationService.swift */; };
		F61943861D0867AA000CC24F /* Prefix.swift in Sources */ = {isa = PBXBuildFile; fileRef = F61943801D0867AA000CC24F /* Prefix.swift */; };
		F619438A1D0867AA000CC24F /* Utils.swift in Sources */ = {isa = PBXBuildFile; fileRef = F61943841D0867AA000CC24F /* Utils.swift */; };
		F61943901D0867C2000CC24F /* LicenseViewController.swift in Sources */ = {isa = PBXBuildFile; fileRef = F619438B1D0867C2000CC24F /* LicenseViewController.swift */; };
		F61943911D0867C2000CC24F /* ListViewContrtoller.swift in Sources */ = {isa = PBXBuildFile; fileRef = F619438C1D0867C2000CC24F /* ListViewContrtoller.swift */; };
		F61943921D0867C2000CC24F /* LocateQualityViewController.swift in Sources */ = {isa = PBXBuildFile; fileRef = F619438D1D0867C2000CC24F /* LocateQualityViewController.swift */; };
		F61943931D0867C2000CC24F /* SettingViewController.swift in Sources */ = {isa = PBXBuildFile; fileRef = F619438E1D0867C2000CC24F /* SettingViewController.swift */; };
		F61943941D0867C2000CC24F /* StreetViewController.swift in Sources */ = {isa = PBXBuildFile; fileRef = F619438F1D0867C2000CC24F /* StreetViewController.swift */; };
		F61943BD1D086CC4000CC24F /* config.ttf in Resources */ = {isa = PBXBuildFile; fileRef = F61943981D086CC4000CC24F /* config.ttf */; };
		F61943BE1D086CC4000CC24F /* ElegantIcons.ttf in Resources */ = {isa = PBXBuildFile; fileRef = F61943991D086CC4000CC24F /* ElegantIcons.ttf */; };
		F61943D11D086CC4000CC24F /* headerShadow.png in Resources */ = {isa = PBXBuildFile; fileRef = F61943AE1D086CC4000CC24F /* headerShadow.png */; };
		F61943D41D086CC4000CC24F /* pug_g.png in Resources */ = {isa = PBXBuildFile; fileRef = F61943B11D086CC4000CC24F /* pug_g.png */; };
		F61943D51D086CC4000CC24F /* pug_r.png in Resources */ = {isa = PBXBuildFile; fileRef = F61943B21D086CC4000CC24F /* pug_r.png */; };
		F61943D61D086CC4000CC24F /* pug_w.png in Resources */ = {isa = PBXBuildFile; fileRef = F61943B31D086CC4000CC24F /* pug_w.png */; };
		F61943DC1D086CC4000CC24F /* LICENSE.txt in Resources */ = {isa = PBXBuildFile; fileRef = F61943BC1D086CC4000CC24F /* LICENSE.txt */; };
		F6770A9D1CFE673800B4B10E /* Realm.framework in Frameworks */ = {isa = PBXBuildFile; fileRef = F6770A9A1CFD41F400B4B10E /* Realm.framework */; };
		F6770A9E1CFE673800B4B10E /* RealmSwift.framework in Frameworks */ = {isa = PBXBuildFile; fileRef = F64BA51C1CC3698A007FD321 /* RealmSwift.framework */; };
		F6CDBC2D1D7B0C0700255790 /* LocationInfo.swift in Sources */ = {isa = PBXBuildFile; fileRef = F6CDBC2B1D7B0C0700255790 /* LocationInfo.swift */; };
		F6CDBC2E1D7B0C0700255790 /* Point.swift in Sources */ = {isa = PBXBuildFile; fileRef = F6CDBC2C1D7B0C0700255790 /* Point.swift */; };
		F6CDBC301D7B0C5100255790 /* FixedPoint.swift in Sources */ = {isa = PBXBuildFile; fileRef = F6CDBC2F1D7B0C5100255790 /* FixedPoint.swift */; };
		F6ED4C771CF969F100DCA80E /* DZNEmptyDataSet.framework in Frameworks */ = {isa = PBXBuildFile; fileRef = F6ED4C761CF969F100DCA80E /* DZNEmptyDataSet.framework */; };
		F6F3332F1D167C8F007DBC19 /* pug_r.pdf in Resources */ = {isa = PBXBuildFile; fileRef = F6F3332E1D167C8F007DBC19 /* pug_r.pdf */; };
/* End PBXBuildFile section */

/* Begin PBXFileReference section */
		6FFC4563D2923539F067DC54 /* Pods-Pogger.debug.xcconfig */ = {isa = PBXFileReference; includeInIndex = 1; lastKnownFileType = text.xcconfig; name = "Pods-Pogger.debug.xcconfig"; path = "Pods/Target Support Files/Pods-Pogger/Pods-Pogger.debug.xcconfig"; sourceTree = "<group>"; };
		9D8963B006E5E1EF65BD752E /* libPods-Pogger.a */ = {isa = PBXFileReference; explicitFileType = archive.ar; includeInIndex = 0; path = "libPods-Pogger.a"; sourceTree = BUILT_PRODUCTS_DIR; };
		EF2431C1464DC74D14C7EEBA /* Pods-Pogger.release.xcconfig */ = {isa = PBXFileReference; includeInIndex = 1; lastKnownFileType = text.xcconfig; name = "Pods-Pogger.release.xcconfig"; path = "Pods/Target Support Files/Pods-Pogger/Pods-Pogger.release.xcconfig"; sourceTree = "<group>"; };
		F61943671D0866F4000CC24F /* AppDelegate.swift */ = {isa = PBXFileReference; fileEncoding = 4; lastKnownFileType = sourcecode.swift; name = AppDelegate.swift; path = Pogger/AppDelegate.swift; sourceTree = SOURCE_ROOT; };
		F61943681D0866F4000CC24F /* Assets.xcassets */ = {isa = PBXFileReference; lastKnownFileType = folder.assetcatalog; name = Assets.xcassets; path = Pogger/Assets.xcassets; sourceTree = SOURCE_ROOT; };
		F61943691D0866F4000CC24F /* ViewController.swift */ = {isa = PBXFileReference; fileEncoding = 4; lastKnownFileType = sourcecode.swift; name = ViewController.swift; path = Pogger/ViewController.swift; sourceTree = SOURCE_ROOT; };
		F619436D1D086714000CC24F /* Info.plist */ = {isa = PBXFileReference; fileEncoding = 4; lastKnownFileType = text.plist.xml; name = Info.plist; path = Pogger/Info.plist; sourceTree = SOURCE_ROOT; };
		F61943701D08673E000CC24F /* Base */ = {isa = PBXFileReference; lastKnownFileType = file.storyboard; name = Base; path = Pogger/Base.lproj/LaunchScreen.storyboard; sourceTree = SOURCE_ROOT; };
		F61943721D08673E000CC24F /* Base */ = {isa = PBXFileReference; lastKnownFileType = file.storyboard; name = Base; path = Pogger/Base.lproj/Main.storyboard; sourceTree = SOURCE_ROOT; };
		F61943751D08676E000CC24F /* EmptyState.xib */ = {isa = PBXFileReference; fileEncoding = 4; lastKnownFileType = file.xib; name = EmptyState.xib; path = Pogger/EmptyState.xib; sourceTree = SOURCE_ROOT; };
		F61943761D08676E000CC24F /* FavoriteEmptyState.xib */ = {isa = PBXFileReference; fileEncoding = 4; lastKnownFileType = file.xib; name = FavoriteEmptyState.xib; path = Pogger/FavoriteEmptyState.xib; sourceTree = SOURCE_ROOT; };
		F61943771D08676E000CC24F /* ListViewHeader.swift */ = {isa = PBXFileReference; fileEncoding = 4; lastKnownFileType = sourcecode.swift; name = ListViewHeader.swift; path = Pogger/ListViewHeader.swift; sourceTree = SOURCE_ROOT; };
		F61943781D08676E000CC24F /* ListViewHeader.xib */ = {isa = PBXFileReference; fileEncoding = 4; lastKnownFileType = file.xib; name = ListViewHeader.xib; path = Pogger/ListViewHeader.xib; sourceTree = SOURCE_ROOT; };
		F61943791D08676E000CC24F /* PointCell.swift */ = {isa = PBXFileReference; fileEncoding = 4; lastKnownFileType = sourcecode.swift; name = PointCell.swift; path = Pogger/PointCell.swift; sourceTree = SOURCE_ROOT; };
		F619437F1D0867AA000CC24F /* LocationService.swift */ = {isa = PBXFileReference; fileEncoding = 4; lastKnownFileType = sourcecode.swift; name = LocationService.swift; path = Pogger/LocationService.swift; sourceTree = SOURCE_ROOT; };
		F61943801D0867AA000CC24F /* Prefix.swift */ = {isa = PBXFileReference; fileEncoding = 4; lastKnownFileType = sourcecode.swift; name = Prefix.swift; path = Pogger/Prefix.swift; sourceTree = SOURCE_ROOT; };
		F61943841D0867AA000CC24F /* Utils.swift */ = {isa = PBXFileReference; fileEncoding = 4; lastKnownFileType = sourcecode.swift; name = Utils.swift; path = Pogger/Utils.swift; sourceTree = SOURCE_ROOT; };
		F619438B1D0867C2000CC24F /* LicenseViewController.swift */ = {isa = PBXFileReference; fileEncoding = 4; lastKnownFileType = sourcecode.swift; name = LicenseViewController.swift; path = Pogger/LicenseViewController.swift; sourceTree = SOURCE_ROOT; };
		F619438C1D0867C2000CC24F /* ListViewContrtoller.swift */ = {isa = PBXFileReference; fileEncoding = 4; lastKnownFileType = sourcecode.swift; name = ListViewContrtoller.swift; path = Pogger/ListViewContrtoller.swift; sourceTree = SOURCE_ROOT; };
		F619438D1D0867C2000CC24F /* LocateQualityViewController.swift */ = {isa = PBXFileReference; fileEncoding = 4; lastKnownFileType = sourcecode.swift; name = LocateQualityViewController.swift; path = Pogger/LocateQualityViewController.swift; sourceTree = SOURCE_ROOT; };
		F619438E1D0867C2000CC24F /* SettingViewController.swift */ = {isa = PBXFileReference; fileEncoding = 4; lastKnownFileType = sourcecode.swift; name = SettingViewController.swift; path = Pogger/SettingViewController.swift; sourceTree = SOURCE_ROOT; };
		F619438F1D0867C2000CC24F /* StreetViewController.swift */ = {isa = PBXFileReference; fileEncoding = 4; lastKnownFileType = sourcecode.swift; name = StreetViewController.swift; path = Pogger/StreetViewController.swift; sourceTree = SOURCE_ROOT; };
		F61943981D086CC4000CC24F /* config.ttf */ = {isa = PBXFileReference; lastKnownFileType = file; path = config.ttf; sourceTree = "<group>"; };
		F61943991D086CC4000CC24F /* ElegantIcons.ttf */ = {isa = PBXFileReference; lastKnownFileType = file; path = ElegantIcons.ttf; sourceTree = "<group>"; };
		F61943AE1D086CC4000CC24F /* headerShadow.png */ = {isa = PBXFileReference; lastKnownFileType = image.png; path = headerShadow.png; sourceTree = "<group>"; };
		F61943B11D086CC4000CC24F /* pug_g.png */ = {isa = PBXFileReference; lastKnownFileType = image.png; path = pug_g.png; sourceTree = "<group>"; };
		F61943B21D086CC4000CC24F /* pug_r.png */ = {isa = PBXFileReference; lastKnownFileType = image.png; path = pug_r.png; sourceTree = "<group>"; };
		F61943B31D086CC4000CC24F /* pug_w.png */ = {isa = PBXFileReference; lastKnownFileType = image.png; path = pug_w.png; sourceTree = "<group>"; };
		F61943BC1D086CC4000CC24F /* LICENSE.txt */ = {isa = PBXFileReference; fileEncoding = 4; lastKnownFileType = text; path = LICENSE.txt; sourceTree = "<group>"; };
		F64BA51C1CC3698A007FD321 /* RealmSwift.framework */ = {isa = PBXFileReference; lastKnownFileType = wrapper.framework; name = RealmSwift.framework; path = Carthage/Build/iOS/RealmSwift.framework; sourceTree = "<group>"; };
		F66EECB51D0B1DF8003F4056 /* Pogger.app */ = {isa = PBXFileReference; explicitFileType = wrapper.application; includeInIndex = 0; path = Pogger.app; sourceTree = BUILT_PRODUCTS_DIR; };
		F6770A9A1CFD41F400B4B10E /* Realm.framework */ = {isa = PBXFileReference; lastKnownFileType = wrapper.framework; name = Realm.framework; path = Carthage/Build/iOS/Realm.framework; sourceTree = "<group>"; };
		F6A4BA791D0843BA001ACBE4 /* libPods.a */ = {isa = PBXFileReference; lastKnownFileType = archive.ar; name = libPods.a; path = "Pods/../build/Debug-iphoneos/libPods.a"; sourceTree = "<group>"; };
		F6CDBC2B1D7B0C0700255790 /* LocationInfo.swift */ = {isa = PBXFileReference; fileEncoding = 4; lastKnownFileType = sourcecode.swift; name = LocationInfo.swift; path = Pogger/LocationInfo.swift; sourceTree = SOURCE_ROOT; };
		F6CDBC2C1D7B0C0700255790 /* Point.swift */ = {isa = PBXFileReference; fileEncoding = 4; lastKnownFileType = sourcecode.swift; name = Point.swift; path = Pogger/Point.swift; sourceTree = SOURCE_ROOT; };
		F6CDBC2F1D7B0C5100255790 /* FixedPoint.swift */ = {isa = PBXFileReference; fileEncoding = 4; lastKnownFileType = sourcecode.swift; name = FixedPoint.swift; path = Pogger/FixedPoint.swift; sourceTree = SOURCE_ROOT; };
		F6ED4C761CF969F100DCA80E /* DZNEmptyDataSet.framework */ = {isa = PBXFileReference; lastKnownFileType = wrapper.framework; name = DZNEmptyDataSet.framework; path = Carthage/Build/iOS/DZNEmptyDataSet.framework; sourceTree = "<group>"; };
		F6F3332E1D167C8F007DBC19 /* pug_r.pdf */ = {isa = PBXFileReference; lastKnownFileType = image.pdf; path = pug_r.pdf; sourceTree = "<group>"; };
/* End PBXFileReference section */

/* Begin PBXFrameworksBuildPhase section */
		F6A232FC1C81792D0061A9A8 /* Frameworks */ = {
			isa = PBXFrameworksBuildPhase;
			buildActionMask = 2147483647;
			files = (
				F6770A9D1CFE673800B4B10E /* Realm.framework in Frameworks */,
				F6770A9E1CFE673800B4B10E /* RealmSwift.framework in Frameworks */,
				F6ED4C771CF969F100DCA80E /* DZNEmptyDataSet.framework in Frameworks */,
				3589A22319FE01CE63E20C73 /* libPods-Pogger.a in Frameworks */,
			);
			runOnlyForDeploymentPostprocessing = 0;
		};
/* End PBXFrameworksBuildPhase section */

/* Begin PBXGroup section */
		91295518DD142704797A9AC7 /* Frameworks */ = {
			isa = PBXGroup;
			children = (
				F6A4BA791D0843BA001ACBE4 /* libPods.a */,
				F6770A9A1CFD41F400B4B10E /* Realm.framework */,
				F6ED4C761CF969F100DCA80E /* DZNEmptyDataSet.framework */,
				F64BA51C1CC3698A007FD321 /* RealmSwift.framework */,
				9D8963B006E5E1EF65BD752E /* libPods-Pogger.a */,
			);
			name = Frameworks;
			sourceTree = "<group>";
		};
		F24D26920A905C163EE1EE86 /* Pods */ = {
			isa = PBXGroup;
			children = (
				6FFC4563D2923539F067DC54 /* Pods-Pogger.debug.xcconfig */,
				EF2431C1464DC74D14C7EEBA /* Pods-Pogger.release.xcconfig */,
			);
			name = Pods;
			sourceTree = "<group>";
		};
		F61943961D086CC4000CC24F /* Resources */ = {
			isa = PBXGroup;
			children = (
				F61943971D086CC4000CC24F /* font */,
				F61943AD1D086CC4000CC24F /* image */,
				F61943B41D086CC4000CC24F /* libs */,
				F61943BB1D086CC4000CC24F /* other */,
			);
			name = Resources;
			path = Pogger/Resources;
			sourceTree = "<group>";
		};
		F61943971D086CC4000CC24F /* font */ = {
			isa = PBXGroup;
			children = (
				F61943981D086CC4000CC24F /* config.ttf */,
				F61943991D086CC4000CC24F /* ElegantIcons.ttf */,
			);
			path = font;
			sourceTree = "<group>";
		};
		F61943AD1D086CC4000CC24F /* image */ = {
			isa = PBXGroup;
			children = (
				F61943AE1D086CC4000CC24F /* headerShadow.png */,
				F61943B11D086CC4000CC24F /* pug_g.png */,
				F6F3332E1D167C8F007DBC19 /* pug_r.pdf */,
				F61943B21D086CC4000CC24F /* pug_r.png */,
				F61943B31D086CC4000CC24F /* pug_w.png */,
			);
			path = image;
			sourceTree = "<group>";
		};
		F61943B41D086CC4000CC24F /* libs */ = {
			isa = PBXGroup;
			children = (
			);
			path = libs;
			sourceTree = "<group>";
		};
		F61943BB1D086CC4000CC24F /* other */ = {
			isa = PBXGroup;
			children = (
				F61943BC1D086CC4000CC24F /* LICENSE.txt */,
			);
			path = other;
			sourceTree = "<group>";
		};
		F6215A931D7AA6A400308567 /* setting */ = {
			isa = PBXGroup;
			children = (
				F619438D1D0867C2000CC24F /* LocateQualityViewController.swift */,
				F619438E1D0867C2000CC24F /* SettingViewController.swift */,
			);
			name = setting;
			sourceTree = "<group>";
		};
		F64BA5221CC376BB007FD321 /* controller */ = {
			isa = PBXGroup;
			children = (
				F6215A931D7AA6A400308567 /* setting */,
				F619438B1D0867C2000CC24F /* LicenseViewController.swift */,
				F619438C1D0867C2000CC24F /* ListViewContrtoller.swift */,
				F619438F1D0867C2000CC24F /* StreetViewController.swift */,
			);
			name = controller;
			sourceTree = "<group>";
		};
		F64BA5251CC38D13007FD321 /* model */ = {
			isa = PBXGroup;
			children = (
				F6DCAA461D2D47A100F9F77C /* Realm */,
				F619437F1D0867AA000CC24F /* LocationService.swift */,
				F6CDBC2F1D7B0C5100255790 /* FixedPoint.swift */,
				F61943841D0867AA000CC24F /* Utils.swift */,
			);
			name = model;
			sourceTree = "<group>";
		};
		F64BA52A1CC3B4DC007FD321 /* view */ = {
			isa = PBXGroup;
			children = (
				F61943751D08676E000CC24F /* EmptyState.xib */,
				F61943761D08676E000CC24F /* FavoriteEmptyState.xib */,
				F61943771D08676E000CC24F /* ListViewHeader.swift */,
				F61943781D08676E000CC24F /* ListViewHeader.xib */,
				F61943791D08676E000CC24F /* PointCell.swift */,
			);
			name = view;
			sourceTree = "<group>";
		};
		F6A232F61C81792D0061A9A8 = {
			isa = PBXGroup;
			children = (
				F61943961D086CC4000CC24F /* Resources */,
				F6A233011C81792D0061A9A8 /* Pogger */,
				91295518DD142704797A9AC7 /* Frameworks */,
				F6F068B81D0B257100A63688 /* Product */,
				F24D26920A905C163EE1EE86 /* Pods */,
			);
			sourceTree = "<group>";
		};
		F6A233011C81792D0061A9A8 /* Pogger */ = {
			isa = PBXGroup;
			children = (
				F64BA52A1CC3B4DC007FD321 /* view */,
				F64BA5251CC38D13007FD321 /* model */,
				F64BA5221CC376BB007FD321 /* controller */,
				F61943671D0866F4000CC24F /* AppDelegate.swift */,
				F61943691D0866F4000CC24F /* ViewController.swift */,
				F61943801D0867AA000CC24F /* Prefix.swift */,
				F619436F1D08673E000CC24F /* LaunchScreen.storyboard */,
				F61943711D08673E000CC24F /* Main.storyboard */,
				F61943681D0866F4000CC24F /* Assets.xcassets */,
				F619436D1D086714000CC24F /* Info.plist */,
			);
			name = Pogger;
			path = staylog;
			sourceTree = "<group>";
		};
		F6DCAA461D2D47A100F9F77C /* Realm */ = {
			isa = PBXGroup;
			children = (
				F6CDBC2B1D7B0C0700255790 /* LocationInfo.swift */,
				F6CDBC2C1D7B0C0700255790 /* Point.swift */,
			);
			name = Realm;
			sourceTree = "<group>";
		};
		F6F068B81D0B257100A63688 /* Product */ = {
			isa = PBXGroup;
			children = (
				F66EECB51D0B1DF8003F4056 /* Pogger.app */,
			);
			name = Product;
			sourceTree = "<group>";
		};
/* End PBXGroup section */

/* Begin PBXNativeTarget section */
		F6A232FE1C81792D0061A9A8 /* Pogger */ = {
			isa = PBXNativeTarget;
			buildConfigurationList = F6A233271C81792D0061A9A8 /* Build configuration list for PBXNativeTarget "Pogger" */;
			buildPhases = (
				FDACDB780A499AC7BF0F4124 /* [CP] Check Pods Manifest.lock */,
				F6A232FB1C81792D0061A9A8 /* Sources */,
				F6A232FC1C81792D0061A9A8 /* Frameworks */,
				F6A232FD1C81792D0061A9A8 /* Resources */,
				F64BA5131CC366AB007FD321 /* ShellScript */,
				998F08EAB217FD541EB6BCDB /* [CP] Embed Pods Frameworks */,
				3D2841ADDEB975E9A2A7888C /* [CP] Copy Pods Resources */,
			);
			buildRules = (
			);
			dependencies = (
			);
			name = Pogger;
			productName = staylog;
			productReference = F66EECB51D0B1DF8003F4056 /* Pogger.app */;
			productType = "com.apple.product-type.application";
		};
/* End PBXNativeTarget section */

/* Begin PBXProject section */
		F6A232F71C81792D0061A9A8 /* Project object */ = {
			isa = PBXProject;
			attributes = {
				LastSwiftUpdateCheck = 0720;
				LastUpgradeCheck = 0730;
				ORGANIZATIONNAME = "Taiju Aoki";
				TargetAttributes = {
					F6A232FE1C81792D0061A9A8 = {
						CreatedOnToolsVersion = 7.2.1;
						DevelopmentTeam = G2GGZH6R2W;
						LastSwiftMigration = 0800;
						ProvisioningStyle = Automatic;
						SystemCapabilities = {
							com.apple.BackgroundModes = {
								enabled = 1;
							};
						};
					};
				};
			};
			buildConfigurationList = F6A232FA1C81792D0061A9A8 /* Build configuration list for PBXProject "Pogger" */;
			compatibilityVersion = "Xcode 3.2";
			developmentRegion = English;
			hasScannedForEncodings = 0;
			knownRegions = (
				en,
				Base,
			);
			mainGroup = F6A232F61C81792D0061A9A8;
			productRefGroup = F6A232F61C81792D0061A9A8;
			projectDirPath = "";
			projectRoot = "";
			targets = (
				F6A232FE1C81792D0061A9A8 /* Pogger */,
			);
		};
/* End PBXProject section */

/* Begin PBXResourcesBuildPhase section */
		F6A232FD1C81792D0061A9A8 /* Resources */ = {
			isa = PBXResourcesBuildPhase;
			buildActionMask = 2147483647;
			files = (
				F619437A1D08676E000CC24F /* EmptyState.xib in Resources */,
				F61943DC1D086CC4000CC24F /* LICENSE.txt in Resources */,
				F61943741D08673E000CC24F /* Main.storyboard in Resources */,
				F61943BE1D086CC4000CC24F /* ElegantIcons.ttf in Resources */,
				F61943D61D086CC4000CC24F /* pug_w.png in Resources */,
				F61943D11D086CC4000CC24F /* headerShadow.png in Resources */,
				F619436B1D0866F4000CC24F /* Assets.xcassets in Resources */,
				F61943BD1D086CC4000CC24F /* config.ttf in Resources */,
				F619437D1D08676E000CC24F /* ListViewHeader.xib in Resources */,
				F61943731D08673E000CC24F /* LaunchScreen.storyboard in Resources */,
				F61943D51D086CC4000CC24F /* pug_r.png in Resources */,
				F619437B1D08676E000CC24F /* FavoriteEmptyState.xib in Resources */,
				F6F3332F1D167C8F007DBC19 /* pug_r.pdf in Resources */,
				F61943D41D086CC4000CC24F /* pug_g.png in Resources */,
			);
			runOnlyForDeploymentPostprocessing = 0;
		};
/* End PBXResourcesBuildPhase section */

/* Begin PBXShellScriptBuildPhase section */
		3D2841ADDEB975E9A2A7888C /* [CP] Copy Pods Resources */ = {
			isa = PBXShellScriptBuildPhase;
			buildActionMask = 2147483647;
			files = (
			);
			inputPaths = (
			);
			name = "[CP] Copy Pods Resources";
			outputPaths = (
			);
			runOnlyForDeploymentPostprocessing = 0;
			shellPath = /bin/sh;
			shellScript = "\"${SRCROOT}/Pods/Target Support Files/Pods-Pogger/Pods-Pogger-resources.sh\"\n";
			showEnvVarsInLog = 0;
		};
		998F08EAB217FD541EB6BCDB /* [CP] Embed Pods Frameworks */ = {
			isa = PBXShellScriptBuildPhase;
			buildActionMask = 2147483647;
			files = (
			);
			inputPaths = (
			);
			name = "[CP] Embed Pods Frameworks";
			outputPaths = (
			);
			runOnlyForDeploymentPostprocessing = 0;
			shellPath = /bin/sh;
			shellScript = "\"${SRCROOT}/Pods/Target Support Files/Pods-Pogger/Pods-Pogger-frameworks.sh\"\n";
			showEnvVarsInLog = 0;
		};
		F64BA5131CC366AB007FD321 /* ShellScript */ = {
			isa = PBXShellScriptBuildPhase;
			buildActionMask = 2147483647;
			files = (
			);
			inputPaths = (
				"$(SRCROOT)/Carthage/Build/iOS/RealmSwift.framework",
				"$(SRCROOT)/Carthage/Build/iOS/DZNEmptyDataSet.framework",
				"$(SRCROOT)/Carthage/Build/iOS/Realm.framework",
			);
			outputPaths = (
			);
			runOnlyForDeploymentPostprocessing = 0;
			shellPath = /bin/sh;
			shellScript = "# Carthage\n/usr/local/bin/carthage copy-frameworks\n\n# SwiftLint\nif which swiftlint >/dev/null; then\nswiftlint\nelse\necho \"warning: SwiftLint not installed, download from https://github.com/realm/SwiftLint\"\nfi";
		};
		FDACDB780A499AC7BF0F4124 /* [CP] Check Pods Manifest.lock */ = {
			isa = PBXShellScriptBuildPhase;
			buildActionMask = 2147483647;
			files = (
			);
			inputPaths = (
			);
			name = "[CP] Check Pods Manifest.lock";
			outputPaths = (
			);
			runOnlyForDeploymentPostprocessing = 0;
			shellPath = /bin/sh;
			shellScript = "diff \"${PODS_ROOT}/../Podfile.lock\" \"${PODS_ROOT}/Manifest.lock\" > /dev/null\nif [[ $? != 0 ]] ; then\n    cat << EOM\nerror: The sandbox is not in sync with the Podfile.lock. Run 'pod install' or update your CocoaPods installation.\nEOM\n    exit 1\nfi\n";
			showEnvVarsInLog = 0;
		};
/* End PBXShellScriptBuildPhase section */

/* Begin PBXSourcesBuildPhase section */
		F6A232FB1C81792D0061A9A8 /* Sources */ = {
			isa = PBXSourcesBuildPhase;
			buildActionMask = 2147483647;
			files = (
				F6CDBC301D7B0C5100255790 /* FixedPoint.swift in Sources */,
				F6CDBC2D1D7B0C0700255790 /* LocationInfo.swift in Sources */,
				F61943931D0867C2000CC24F /* SettingViewController.swift in Sources */,
				F619436A1D0866F4000CC24F /* AppDelegate.swift in Sources */,
				F619437E1D08676E000CC24F /* PointCell.swift in Sources */,
				F61943921D0867C2000CC24F /* LocateQualityViewController.swift in Sources */,
				F61943861D0867AA000CC24F /* Prefix.swift in Sources */,
				F619436C1D0866F4000CC24F /* ViewController.swift in Sources */,
				F61943851D0867AA000CC24F /* LocationService.swift in Sources */,
				F61943941D0867C2000CC24F /* StreetViewController.swift in Sources */,
				F61943911D0867C2000CC24F /* ListViewContrtoller.swift in Sources */,
				F6CDBC2E1D7B0C0700255790 /* Point.swift in Sources */,
				F61943901D0867C2000CC24F /* LicenseViewController.swift in Sources */,
				F619437C1D08676E000CC24F /* ListViewHeader.swift in Sources */,
				F619438A1D0867AA000CC24F /* Utils.swift in Sources */,
			);
			runOnlyForDeploymentPostprocessing = 0;
		};
/* End PBXSourcesBuildPhase section */

/* Begin PBXVariantGroup section */
		F619436F1D08673E000CC24F /* LaunchScreen.storyboard */ = {
			isa = PBXVariantGroup;
			children = (
				F61943701D08673E000CC24F /* Base */,
			);
			name = LaunchScreen.storyboard;
			sourceTree = "<group>";
		};
		F61943711D08673E000CC24F /* Main.storyboard */ = {
			isa = PBXVariantGroup;
			children = (
				F61943721D08673E000CC24F /* Base */,
			);
			name = Main.storyboard;
			sourceTree = "<group>";
		};
/* End PBXVariantGroup section */

/* Begin XCBuildConfiguration section */
		F6A233251C81792D0061A9A8 /* Debug */ = {
			isa = XCBuildConfiguration;
			buildSettings = {
				ALWAYS_SEARCH_USER_PATHS = NO;
				CLANG_CXX_LANGUAGE_STANDARD = "gnu++0x";
				CLANG_CXX_LIBRARY = "libc++";
				CLANG_ENABLE_MODULES = YES;
				CLANG_ENABLE_OBJC_ARC = YES;
				CLANG_WARN_BOOL_CONVERSION = YES;
				CLANG_WARN_CONSTANT_CONVERSION = YES;
				CLANG_WARN_DIRECT_OBJC_ISA_USAGE = YES_ERROR;
				CLANG_WARN_EMPTY_BODY = YES;
				CLANG_WARN_ENUM_CONVERSION = YES;
				CLANG_WARN_INT_CONVERSION = YES;
				CLANG_WARN_OBJC_ROOT_CLASS = YES_ERROR;
				CLANG_WARN_UNREACHABLE_CODE = YES;
				CLANG_WARN__DUPLICATE_METHOD_MATCH = YES;
				"CODE_SIGN_IDENTITY[sdk=iphoneos*]" = "iPhone Developer";
				COPY_PHASE_STRIP = NO;
				DEBUG_INFORMATION_FORMAT = dwarf;
				ENABLE_STRICT_OBJC_MSGSEND = YES;
				ENABLE_TESTABILITY = YES;
				GCC_C_LANGUAGE_STANDARD = gnu99;
				GCC_DYNAMIC_NO_PIC = NO;
				GCC_NO_COMMON_BLOCKS = YES;
				GCC_OPTIMIZATION_LEVEL = 0;
				GCC_PREPROCESSOR_DEFINITIONS = (
					"DEBUG=1",
					"$(inherited)",
				);
				GCC_WARN_64_TO_32_BIT_CONVERSION = YES;
				GCC_WARN_ABOUT_RETURN_TYPE = YES_ERROR;
				GCC_WARN_UNDECLARED_SELECTOR = YES;
				GCC_WARN_UNINITIALIZED_AUTOS = YES_AGGRESSIVE;
				GCC_WARN_UNUSED_FUNCTION = YES;
				GCC_WARN_UNUSED_VARIABLE = YES;
				IPHONEOS_DEPLOYMENT_TARGET = 9.2;
				MTL_ENABLE_DEBUG_INFO = YES;
				ONLY_ACTIVE_ARCH = YES;
				SDKROOT = iphoneos;
				SWIFT_OPTIMIZATION_LEVEL = "-Onone";
			};
			name = Debug;
		};
		F6A233261C81792D0061A9A8 /* Release */ = {
			isa = XCBuildConfiguration;
			buildSettings = {
				ALWAYS_SEARCH_USER_PATHS = NO;
				CLANG_CXX_LANGUAGE_STANDARD = "gnu++0x";
				CLANG_CXX_LIBRARY = "libc++";
				CLANG_ENABLE_MODULES = YES;
				CLANG_ENABLE_OBJC_ARC = YES;
				CLANG_WARN_BOOL_CONVERSION = YES;
				CLANG_WARN_CONSTANT_CONVERSION = YES;
				CLANG_WARN_DIRECT_OBJC_ISA_USAGE = YES_ERROR;
				CLANG_WARN_EMPTY_BODY = YES;
				CLANG_WARN_ENUM_CONVERSION = YES;
				CLANG_WARN_INT_CONVERSION = YES;
				CLANG_WARN_OBJC_ROOT_CLASS = YES_ERROR;
				CLANG_WARN_UNREACHABLE_CODE = YES;
				CLANG_WARN__DUPLICATE_METHOD_MATCH = YES;
				"CODE_SIGN_IDENTITY[sdk=iphoneos*]" = "iPhone Developer";
				COPY_PHASE_STRIP = NO;
				DEBUG_INFORMATION_FORMAT = "dwarf-with-dsym";
				ENABLE_NS_ASSERTIONS = NO;
				ENABLE_STRICT_OBJC_MSGSEND = YES;
				GCC_C_LANGUAGE_STANDARD = gnu99;
				GCC_NO_COMMON_BLOCKS = YES;
				GCC_WARN_64_TO_32_BIT_CONVERSION = YES;
				GCC_WARN_ABOUT_RETURN_TYPE = YES_ERROR;
				GCC_WARN_UNDECLARED_SELECTOR = YES;
				GCC_WARN_UNINITIALIZED_AUTOS = YES_AGGRESSIVE;
				GCC_WARN_UNUSED_FUNCTION = YES;
				GCC_WARN_UNUSED_VARIABLE = YES;
				IPHONEOS_DEPLOYMENT_TARGET = 9.2;
				MTL_ENABLE_DEBUG_INFO = NO;
				SDKROOT = iphoneos;
				VALIDATE_PRODUCT = YES;
			};
			name = Release;
		};
		F6A233281C81792D0061A9A8 /* Debug */ = {
			isa = XCBuildConfiguration;
			baseConfigurationReference = 6FFC4563D2923539F067DC54 /* Pods-Pogger.debug.xcconfig */;
			buildSettings = {
				ASSETCATALOG_COMPILER_APPICON_NAME = AppIcon;
				CODE_SIGN_IDENTITY = "iPhone Developer";
				"CODE_SIGN_IDENTITY[sdk=iphoneos*]" = "iPhone Developer";
				DEVELOPMENT_TEAM = G2GGZH6R2W;
				FRAMEWORK_SEARCH_PATHS = (
					"$(inherited)",
					"$(PROJECT_DIR)/Carthage/Build/iOS",
				);
				INFOPLIST_FILE = Pogger/Info.plist;
				IPHONEOS_DEPLOYMENT_TARGET = 9.0;
				LD_RUNPATH_SEARCH_PATHS = "$(inherited) @executable_path/Frameworks";
				LIBRARY_SEARCH_PATHS = (
					"$(inherited)",
					"$(PROJECT_DIR)/build/Debug-iphoneos",
				);
				PRODUCT_BUNDLE_IDENTIFIER = blue.munmun.staylog;
				PRODUCT_NAME = Pogger;
				PROVISIONING_PROFILE = "";
				SWIFT_VERSION = 3.0;
			};
			name = Debug;
		};
		F6A233291C81792D0061A9A8 /* Release */ = {
			isa = XCBuildConfiguration;
			baseConfigurationReference = EF2431C1464DC74D14C7EEBA /* Pods-Pogger.release.xcconfig */;
			buildSettings = {
				ASSETCATALOG_COMPILER_APPICON_NAME = AppIcon;
				CODE_SIGN_IDENTITY = "";
				"CODE_SIGN_IDENTITY[sdk=iphoneos*]" = "iPhone Developer";
				DEVELOPMENT_TEAM = G2GGZH6R2W;
				FRAMEWORK_SEARCH_PATHS = (
					"$(inherited)",
					"$(PROJECT_DIR)/Carthage/Build/iOS",
				);
				INFOPLIST_FILE = Pogger/Info.plist;
				IPHONEOS_DEPLOYMENT_TARGET = 9.0;
				LD_RUNPATH_SEARCH_PATHS = "$(inherited) @executable_path/Frameworks";
				LIBRARY_SEARCH_PATHS = (
					"$(inherited)",
					"$(PROJECT_DIR)/build/Debug-iphoneos",
				);
				PRODUCT_BUNDLE_IDENTIFIER = blue.munmun.staylog;
				PRODUCT_NAME = Pogger;
				PROVISIONING_PROFILE = "";
				SWIFT_VERSION = 3.0;
			};
			name = Release;
		};
/* End XCBuildConfiguration section */

/* Begin XCConfigurationList section */
		F6A232FA1C81792D0061A9A8 /* Build configuration list for PBXProject "Pogger" */ = {
			isa = XCConfigurationList;
			buildConfigurations = (
				F6A233251C81792D0061A9A8 /* Debug */,
				F6A233261C81792D0061A9A8 /* Release */,
			);
			defaultConfigurationIsVisible = 0;
			defaultConfigurationName = Release;
		};
		F6A233271C81792D0061A9A8 /* Build configuration list for PBXNativeTarget "Pogger" */ = {
			isa = XCConfigurationList;
			buildConfigurations = (
				F6A233281C81792D0061A9A8 /* Debug */,
				F6A233291C81792D0061A9A8 /* Release */,
			);
			defaultConfigurationIsVisible = 0;
			defaultConfigurationName = Release;
		};
/* End XCConfigurationList section */
	};
	rootObject = F6A232F71C81792D0061A9A8 /* Project object */;
}
